
Microsoft Visual Studio Solution File, Format Version 12.00
# Visual Studio 2013
VisualStudioVersion = 12.0.31101.0
MinimumVisualStudioVersion = 10.0.40219.1
Project("{FAE04EC0-301F-11D3-BF4B-00C04F79EFBC}") = "WowPacketParser", "WowPacketParser\WowPacketParser.csproj", "{0BF6F270-0B6F-4705-8E1A-F57DB76DB407}"
EndProject
Project("{FAE04EC0-301F-11D3-BF4B-00C04F79EFBC}") = "WowPacketParser.Tests", "WowPacketParser.Tests\WowPacketParser.Tests.csproj", "{8C846C92-DEBC-47A7-BDF9-E86D8A5374DA}"
	ProjectSection(ProjectDependencies) = postProject
		{63484313-34D2-4133-B157-A19D12B69D9B} = {63484313-34D2-4133-B157-A19D12B69D9B}
		{763DC013-0757-4786-A841-934000D0A2B6} = {763DC013-0757-4786-A841-934000D0A2B6}
		{BD889D75-6F3F-4222-92C1-B32548952B4E} = {BD889D75-6F3F-4222-92C1-B32548952B4E}
		{7A909478-8263-498D-9F0C-52480E29825E} = {7A909478-8263-498D-9F0C-52480E29825E}
		{611E8ABD-9581-4CDC-A98E-FDDD743B7908} = {611E8ABD-9581-4CDC-A98E-FDDD743B7908}
		{11543CDB-D1FC-454B-A977-D6F40D08CB09} = {11543CDB-D1FC-454B-A977-D6F40D08CB09}
		{B53A76DC-BA47-4364-AE96-6BEA96E3DF0F} = {B53A76DC-BA47-4364-AE96-6BEA96E3DF0F}
		{422AC0F6-A8DF-4FFF-8A98-A830F4002C53} = {422AC0F6-A8DF-4FFF-8A98-A830F4002C53}
	EndProjectSection
EndProject
Project("{FAE04EC0-301F-11D3-BF4B-00C04F79EFBC}") = "WowPacketParserModule.V4_3_4_15595", "WowPacketParserModule.V4_3_4_15595\WowPacketParserModule.V4_3_4_15595.csproj", "{7A909478-8263-498D-9F0C-52480E29825E}"
EndProject
Project("{FAE04EC0-301F-11D3-BF4B-00C04F79EFBC}") = "WowPacketParserModule.V5_3_0_16981", "WowPacketParserModule.V5_3_0_16981\WowPacketParserModule.V5_3_0_16981.csproj", "{422AC0F6-A8DF-4FFF-8A98-A830F4002C53}"
EndProject
Project("{FAE04EC0-301F-11D3-BF4B-00C04F79EFBC}") = "WowPacketParserModule.V5_4_0_17359", "WowPacketParserModule.V5_4_0_17359\WowPacketParserModule.V5_4_0_17359.csproj", "{11543CDB-D1FC-454B-A977-D6F40D08CB09}"
EndProject
Project("{FAE04EC0-301F-11D3-BF4B-00C04F79EFBC}") = "WowPacketParserModule.V5_4_1_17538", "WowPacketParserModule.V5_4_1_17538\WowPacketParserModule.V5_4_1_17538.csproj", "{BD889D75-6F3F-4222-92C1-B32548952B4E}"
EndProject
Project("{FAE04EC0-301F-11D3-BF4B-00C04F79EFBC}") = "WowPacketParserModule.V5_4_2_17658", "WowPacketParserModule.V5_4_2_17658\WowPacketParserModule.V5_4_2_17658.csproj", "{611E8ABD-9581-4CDC-A98E-FDDD743B7908}"
EndProject
Project("{FAE04EC0-301F-11D3-BF4B-00C04F79EFBC}") = "WowPacketParserModule.V5_4_7_17898", "WowPacketParserModule.V5_4_7_17898\WowPacketParserModule.V5_4_7_17898.csproj", "{763DC013-0757-4786-A841-934000D0A2B6}"
EndProject
Project("{FAE04EC0-301F-11D3-BF4B-00C04F79EFBC}") = "WowPacketParserModule.V5_4_8_18291", "WowPacketParserModule.V5_4_8_18291\WowPacketParserModule.V5_4_8_18291.csproj", "{B53A76DC-BA47-4364-AE96-6BEA96E3DF0F}"
EndProject
Project("{FAE04EC0-301F-11D3-BF4B-00C04F79EFBC}") = "WowPacketParserModule.V6_0_2_19033", "WowPacketParserModule.V6_0_2_19033\WowPacketParserModule.V6_0_2_19033.csproj", "{63484313-34D2-4133-B157-A19D12B69D9B}"
EndProject
Project("{2150E333-8FDC-42A3-9474-1A3956D46DE8}") = ".nuget", ".nuget", "{597FD2F5-3A4F-4F31-A58A-485444126C1F}"
	ProjectSection(SolutionItems) = preProject
		.nuget\NuGet.Config = .nuget\NuGet.Config
		.nuget\NuGet.exe = .nuget\NuGet.exe
		.nuget\NuGet.targets = .nuget\NuGet.targets
	EndProjectSection
EndProject
Global
	GlobalSection(SolutionConfigurationPlatforms) = preSolution
		Debug|Any CPU = Debug|Any CPU
		Release|Any CPU = Release|Any CPU
	EndGlobalSection
	GlobalSection(ProjectConfigurationPlatforms) = postSolution
		{0BF6F270-0B6F-4705-8E1A-F57DB76DB407}.Debug|Any CPU.ActiveCfg = Debug|Any CPU
		{0BF6F270-0B6F-4705-8E1A-F57DB76DB407}.Debug|Any CPU.Build.0 = Debug|Any CPU
		{0BF6F270-0B6F-4705-8E1A-F57DB76DB407}.Release|Any CPU.ActiveCfg = Release|Any CPU
		{0BF6F270-0B6F-4705-8E1A-F57DB76DB407}.Release|Any CPU.Build.0 = Release|Any CPU
		{8C846C92-DEBC-47A7-BDF9-E86D8A5374DA}.Debug|Any CPU.ActiveCfg = Debug|Any CPU
		{8C846C92-DEBC-47A7-BDF9-E86D8A5374DA}.Debug|Any CPU.Build.0 = Debug|Any CPU
		{8C846C92-DEBC-47A7-BDF9-E86D8A5374DA}.Release|Any CPU.ActiveCfg = Release|Any CPU
		{8C846C92-DEBC-47A7-BDF9-E86D8A5374DA}.Release|Any CPU.Build.0 = Release|Any CPU
		{7A909478-8263-498D-9F0C-52480E29825E}.Debug|Any CPU.ActiveCfg = Debug|Any CPU
		{7A909478-8263-498D-9F0C-52480E29825E}.Debug|Any CPU.Build.0 = Debug|Any CPU
		{7A909478-8263-498D-9F0C-52480E29825E}.Release|Any CPU.ActiveCfg = Release|Any CPU
		{7A909478-8263-498D-9F0C-52480E29825E}.Release|Any CPU.Build.0 = Release|Any CPU
		{422AC0F6-A8DF-4FFF-8A98-A830F4002C53}.Debug|Any CPU.ActiveCfg = Debug|Any CPU
		{422AC0F6-A8DF-4FFF-8A98-A830F4002C53}.Debug|Any CPU.Build.0 = Debug|Any CPU
		{422AC0F6-A8DF-4FFF-8A98-A830F4002C53}.Release|Any CPU.ActiveCfg = Release|Any CPU
		{422AC0F6-A8DF-4FFF-8A98-A830F4002C53}.Release|Any CPU.Build.0 = Release|Any CPU
		{11543CDB-D1FC-454B-A977-D6F40D08CB09}.Debug|Any CPU.ActiveCfg = Debug|Any CPU
		{11543CDB-D1FC-454B-A977-D6F40D08CB09}.Debug|Any CPU.Build.0 = Debug|Any CPU
		{11543CDB-D1FC-454B-A977-D6F40D08CB09}.Release|Any CPU.ActiveCfg = Release|Any CPU
		{11543CDB-D1FC-454B-A977-D6F40D08CB09}.Release|Any CPU.Build.0 = Release|Any CPU
		{BD889D75-6F3F-4222-92C1-B32548952B4E}.Debug|Any CPU.ActiveCfg = Debug|Any CPU
		{BD889D75-6F3F-4222-92C1-B32548952B4E}.Debug|Any CPU.Build.0 = Debug|Any CPU
		{BD889D75-6F3F-4222-92C1-B32548952B4E}.Release|Any CPU.ActiveCfg = Release|Any CPU
		{BD889D75-6F3F-4222-92C1-B32548952B4E}.Release|Any CPU.Build.0 = Release|Any CPU
		{611E8ABD-9581-4CDC-A98E-FDDD743B7908}.Debug|Any CPU.ActiveCfg = Debug|Any CPU
		{611E8ABD-9581-4CDC-A98E-FDDD743B7908}.Debug|Any CPU.Build.0 = Debug|Any CPU
		{611E8ABD-9581-4CDC-A98E-FDDD743B7908}.Release|Any CPU.ActiveCfg = Release|Any CPU
		{611E8ABD-9581-4CDC-A98E-FDDD743B7908}.Release|Any CPU.Build.0 = Release|Any CPU
		{763DC013-0757-4786-A841-934000D0A2B6}.Debug|Any CPU.ActiveCfg = Debug|Any CPU
		{763DC013-0757-4786-A841-934000D0A2B6}.Debug|Any CPU.Build.0 = Debug|Any CPU
		{763DC013-0757-4786-A841-934000D0A2B6}.Release|Any CPU.ActiveCfg = Release|Any CPU
		{763DC013-0757-4786-A841-934000D0A2B6}.Release|Any CPU.Build.0 = Release|Any CPU
		{B53A76DC-BA47-4364-AE96-6BEA96E3DF0F}.Debug|Any CPU.ActiveCfg = Debug|Any CPU
		{B53A76DC-BA47-4364-AE96-6BEA96E3DF0F}.Debug|Any CPU.Build.0 = Debug|Any CPU
		{B53A76DC-BA47-4364-AE96-6BEA96E3DF0F}.Release|Any CPU.ActiveCfg = Release|Any CPU
		{B53A76DC-BA47-4364-AE96-6BEA96E3DF0F}.Release|Any CPU.Build.0 = Release|Any CPU
		{63484313-34D2-4133-B157-A19D12B69D9B}.Debug|Any CPU.ActiveCfg = Debug|Any CPU
		{63484313-34D2-4133-B157-A19D12B69D9B}.Debug|Any CPU.Build.0 = Debug|Any CPU
		{63484313-34D2-4133-B157-A19D12B69D9B}.Release|Any CPU.ActiveCfg = Release|Any CPU
		{63484313-34D2-4133-B157-A19D12B69D9B}.Release|Any CPU.Build.0 = Release|Any CPU
	EndGlobalSection
	GlobalSection(SolutionProperties) = preSolution
		HideSolutionNode = FALSE
	EndGlobalSection
EndGlobal
