
Microsoft Visual Studio Solution File, Format Version 11.00
# Visual Studio 2010
Project("{FAE04EC0-301F-11D3-BF4B-00C04F79EFBC}") = "WowPacketParser", "WowPacketParser\WowPacketParser.csproj", "{0BF6F270-0B6F-4705-8E1A-F57DB76DB407}"
EndProject
Project("{FAE04EC0-301F-11D3-BF4B-00C04F79EFBC}") = "SettingsUI", "SettingsUI\SettingsUI.csproj", "{FB1CFFDE-B370-47D8-AE1C-28C838507DC3}"
EndProject
Global
	GlobalSection(SolutionConfigurationPlatforms) = preSolution
		Debug|Any CPU = Debug|Any CPU
		Release|Any CPU = Release|Any CPU
	EndGlobalSection
	GlobalSection(ProjectConfigurationPlatforms) = postSolution
		{0BF6F270-0B6F-4705-8E1A-F57DB76DB407}.Debug|Any CPU.ActiveCfg = Debug|Any CPU
		{0BF6F270-0B6F-4705-8E1A-F57DB76DB407}.Debug|Any CPU.Build.0 = Debug|Any CPU
		{0BF6F270-0B6F-4705-8E1A-F57DB76DB407}.Release|Any CPU.ActiveCfg = Release|Any CPU
		{0BF6F270-0B6F-4705-8E1A-F57DB76DB407}.Release|Any CPU.Build.0 = Release|Any CPU
		{FB1CFFDE-B370-47D8-AE1C-28C838507DC3}.Debug|Any CPU.ActiveCfg = Debug|Any CPU
		{FB1CFFDE-B370-47D8-AE1C-28C838507DC3}.Release|Any CPU.ActiveCfg = Release|Any CPU
	EndGlobalSection
	GlobalSection(SolutionProperties) = preSolution
		HideSolutionNode = FALSE
	EndGlobalSection
EndGlobal
