
Microsoft Visual Studio Solution File, Format Version 12.00
# Visual Studio Version 17
VisualStudioVersion = 17.0.31903.59
MinimumVisualStudioVersion = 17.0.31903.59
Project("{9A19103F-16F7-4668-BE54-9A1E7A4F7556}") = "WowPacketParser", "WowPacketParser\WowPacketParser.csproj", "{4EBDE3AD-9831-4F44-9EFB-5DEE51EE6390}"
EndProject
Project("{9A19103F-16F7-4668-BE54-9A1E7A4F7556}") = "WowPacketParser.Tests", "WowPacketParser.Tests\WowPacketParser.Tests.csproj", "{A53E4EF2-5349-4149-AE71-AA7A800E637C}"
EndProject
Project("{9A19103F-16F7-4668-BE54-9A1E7A4F7556}") = "WowPacketParserModule.BattleNet.V37165", "WowPacketParserModule.BattleNet.V37165\WowPacketParserModule.BattleNet.V37165.csproj", "{9C185B8A-052F-4240-9EC3-729496124402}"
EndProject
Project("{9A19103F-16F7-4668-BE54-9A1E7A4F7556}") = "WowPacketParserModule.Substructures", "WowPacketParserModule.Substructures\WowPacketParserModule.Substructures.csproj", "{A0CD6DDC-E2B3-400E-ACB7-E2339B74FCF9}"
EndProject
Project("{9A19103F-16F7-4668-BE54-9A1E7A4F7556}") = "WowPacketParserModule.V1_13_2_31446", "WowPacketParserModule.V1_13_2_31446\WowPacketParserModule.V1_13_2_31446.csproj", "{733875B9-E2B9-4EF5-8B5C-B8E98AF25975}"
EndProject
Project("{9A19103F-16F7-4668-BE54-9A1E7A4F7556}") = "WowPacketParserModule.V2_4_3_8606", "WowPacketParserModule.V2_4_3_8606\WowPacketParserModule.V2_4_3_8606.csproj", "{A072A641-D60D-4765-B8BD-F00F727B4F89}"
EndProject
Project("{9A19103F-16F7-4668-BE54-9A1E7A4F7556}") = "WowPacketParserModule.V4_3_4_15595", "WowPacketParserModule.V4_3_4_15595\WowPacketParserModule.V4_3_4_15595.csproj", "{0330F689-A57E-4609-8F95-E766C0B8FFEC}"
EndProject
Project("{9A19103F-16F7-4668-BE54-9A1E7A4F7556}") = "WowPacketParserModule.V5_3_0_16981", "WowPacketParserModule.V5_3_0_16981\WowPacketParserModule.V5_3_0_16981.csproj", "{AA0F45A4-467B-41AF-AA00-843D013E0156}"
EndProject
Project("{9A19103F-16F7-4668-BE54-9A1E7A4F7556}") = "WowPacketParserModule.V5_4_0_17359", "WowPacketParserModule.V5_4_0_17359\WowPacketParserModule.V5_4_0_17359.csproj", "{8C9313FD-A37C-45A2-9003-E84747E36188}"
EndProject
Project("{9A19103F-16F7-4668-BE54-9A1E7A4F7556}") = "WowPacketParserModule.V5_4_1_17538", "WowPacketParserModule.V5_4_1_17538\WowPacketParserModule.V5_4_1_17538.csproj", "{F12A19FD-BCA3-426D-A4DA-7DE75EB9E39E}"
EndProject
Project("{9A19103F-16F7-4668-BE54-9A1E7A4F7556}") = "WowPacketParserModule.V5_4_2_17658", "WowPacketParserModule.V5_4_2_17658\WowPacketParserModule.V5_4_2_17658.csproj", "{34CB52B4-2CB9-4E44-AF77-9F12C546775F}"
EndProject
Project("{9A19103F-16F7-4668-BE54-9A1E7A4F7556}") = "WowPacketParserModule.V5_4_7_17898", "WowPacketParserModule.V5_4_7_17898\WowPacketParserModule.V5_4_7_17898.csproj", "{39A20758-BC18-4925-B22C-C16CF8943131}"
EndProject
Project("{9A19103F-16F7-4668-BE54-9A1E7A4F7556}") = "WowPacketParserModule.V5_4_8_18291", "WowPacketParserModule.V5_4_8_18291\WowPacketParserModule.V5_4_8_18291.csproj", "{FB301202-68DD-4048-8734-C82E6FF42302}"
EndProject
Project("{9A19103F-16F7-4668-BE54-9A1E7A4F7556}") = "WowPacketParserModule.V6_0_2_19033", "WowPacketParserModule.V6_0_2_19033\WowPacketParserModule.V6_0_2_19033.csproj", "{24D556A8-025D-4031-AB19-B87815750190}"
EndProject
Project("{9A19103F-16F7-4668-BE54-9A1E7A4F7556}") = "WowPacketParserModule.V7_0_3_22248", "WowPacketParserModule.V7_0_3_22248\WowPacketParserModule.V7_0_3_22248.csproj", "{315B1ACB-A34C-4541-A547-E6701688874A}"
EndProject
Project("{9A19103F-16F7-4668-BE54-9A1E7A4F7556}") = "WowPacketParserModule.V8_0_1_27101", "WowPacketParserModule.V8_0_1_27101\WowPacketParserModule.V8_0_1_27101.csproj", "{2FD96AE7-74EA-4608-8071-CAFE6948FB6D}"
EndProject
Project("{9A19103F-16F7-4668-BE54-9A1E7A4F7556}") = "WowPacketParserModule.V9_0_1_36216", "WowPacketParserModule.V9_0_1_36216\WowPacketParserModule.V9_0_1_36216.csproj", "{0A932EF2-830E-4409-AE4F-78A9C110E21F}"
EndProject
Project("{9A19103F-16F7-4668-BE54-9A1E7A4F7556}") = "WowPacketParser.Proto", "WowPacketParser.Proto\WowPacketParser.Proto.csproj", "{1CD3F532-91A6-454C-BA26-DE49BDE07EA3}"
EndProject
Project("{9A19103F-16F7-4668-BE54-9A1E7A4F7556}") = "WowPacketParserModule.V2_5_1_38707", "WowPacketParserModule.V2_5_1_38707\WowPacketParserModule.V2_5_1_38707.csproj", "{E24D06CE-8688-4B0E-9EB3-954CB1B48FD1}"
EndProject
Project("{9A19103F-16F7-4668-BE54-9A1E7A4F7556}") = "WowPacketParserModule.V3_4_0_45166", "WowPacketParserModule.V3_4_0_45166\WowPacketParserModule.V3_4_0_45166.csproj", "{6FB1DF9E-4C52-4D3D-902E-D52F38B834C2}"
EndProject
Project("{9A19103F-16F7-4668-BE54-9A1E7A4F7556}") = "WowPacketParserModule.V10_0_0_46181", "WowPacketParserModule.V10_0_0_46181\WowPacketParserModule.V10_0_0_46181.csproj", "{D3692488-3D75-42DF-92A3-B46389E2A1C8}"
EndProject
Project("{9A19103F-16F7-4668-BE54-9A1E7A4F7556}") = "WowPacketParserModule.V4_4_0_54481", "WowPacketParserModule.V4_4_0_54481\WowPacketParserModule.V4_4_0_54481.csproj", "{B2B862DF-4B00-4DCB-A4DB-7BC891AD09B5}"
EndProject
Project("{9A19103F-16F7-4668-BE54-9A1E7A4F7556}") = "WowPacketParserModule.V11_0_0_55666", "WowPacketParserModule.V11_0_0_55666\WowPacketParserModule.V11_0_0_55666.csproj", "{BB991F15-1E76-47D3-942E-1AE1893B0971}"
EndProject
Project("{FAE04EC0-301F-11D3-BF4B-00C04F79EFBC}") = "WowPacketParserModule.V5_5_0_61735", "WowPacketParserModule.V5_5_0_61735\WowPacketParserModule.V5_5_0_61735.csproj", "{5D4E6AB1-98EE-15E3-7A24-48524AE85020}"
EndProject
Global
	GlobalSection(SolutionConfigurationPlatforms) = preSolution
		Debug|Any CPU = Debug|Any CPU
		Release|Any CPU = Release|Any CPU
	EndGlobalSection
	GlobalSection(ProjectConfigurationPlatforms) = postSolution
		{4EBDE3AD-9831-4F44-9EFB-5DEE51EE6390}.Debug|Any CPU.ActiveCfg = Debug|Any CPU
		{4EBDE3AD-9831-4F44-9EFB-5DEE51EE6390}.Debug|Any CPU.Build.0 = Debug|Any CPU
		{4EBDE3AD-9831-4F44-9EFB-5DEE51EE6390}.Release|Any CPU.ActiveCfg = Release|Any CPU
		{4EBDE3AD-9831-4F44-9EFB-5DEE51EE6390}.Release|Any CPU.Build.0 = Release|Any CPU
		{A53E4EF2-5349-4149-AE71-AA7A800E637C}.Debug|Any CPU.ActiveCfg = Debug|Any CPU
		{A53E4EF2-5349-4149-AE71-AA7A800E637C}.Debug|Any CPU.Build.0 = Debug|Any CPU
		{A53E4EF2-5349-4149-AE71-AA7A800E637C}.Release|Any CPU.ActiveCfg = Release|Any CPU
		{A53E4EF2-5349-4149-AE71-AA7A800E637C}.Release|Any CPU.Build.0 = Release|Any CPU
		{9C185B8A-052F-4240-9EC3-729496124402}.Debug|Any CPU.ActiveCfg = Debug|Any CPU
		{9C185B8A-052F-4240-9EC3-729496124402}.Debug|Any CPU.Build.0 = Debug|Any CPU
		{9C185B8A-052F-4240-9EC3-729496124402}.Release|Any CPU.ActiveCfg = Release|Any CPU
		{9C185B8A-052F-4240-9EC3-729496124402}.Release|Any CPU.Build.0 = Release|Any CPU
		{A0CD6DDC-E2B3-400E-ACB7-E2339B74FCF9}.Debug|Any CPU.ActiveCfg = Debug|Any CPU
		{A0CD6DDC-E2B3-400E-ACB7-E2339B74FCF9}.Debug|Any CPU.Build.0 = Debug|Any CPU
		{A0CD6DDC-E2B3-400E-ACB7-E2339B74FCF9}.Release|Any CPU.ActiveCfg = Release|Any CPU
		{A0CD6DDC-E2B3-400E-ACB7-E2339B74FCF9}.Release|Any CPU.Build.0 = Release|Any CPU
		{733875B9-E2B9-4EF5-8B5C-B8E98AF25975}.Debug|Any CPU.ActiveCfg = Debug|Any CPU
		{733875B9-E2B9-4EF5-8B5C-B8E98AF25975}.Debug|Any CPU.Build.0 = Debug|Any CPU
		{733875B9-E2B9-4EF5-8B5C-B8E98AF25975}.Release|Any CPU.ActiveCfg = Release|Any CPU
		{733875B9-E2B9-4EF5-8B5C-B8E98AF25975}.Release|Any CPU.Build.0 = Release|Any CPU
		{A072A641-D60D-4765-B8BD-F00F727B4F89}.Debug|Any CPU.ActiveCfg = Debug|Any CPU
		{A072A641-D60D-4765-B8BD-F00F727B4F89}.Debug|Any CPU.Build.0 = Debug|Any CPU
		{A072A641-D60D-4765-B8BD-F00F727B4F89}.Release|Any CPU.ActiveCfg = Release|Any CPU
		{A072A641-D60D-4765-B8BD-F00F727B4F89}.Release|Any CPU.Build.0 = Release|Any CPU
		{0330F689-A57E-4609-8F95-E766C0B8FFEC}.Debug|Any CPU.ActiveCfg = Debug|Any CPU
		{0330F689-A57E-4609-8F95-E766C0B8FFEC}.Debug|Any CPU.Build.0 = Debug|Any CPU
		{0330F689-A57E-4609-8F95-E766C0B8FFEC}.Release|Any CPU.ActiveCfg = Release|Any CPU
		{0330F689-A57E-4609-8F95-E766C0B8FFEC}.Release|Any CPU.Build.0 = Release|Any CPU
		{AA0F45A4-467B-41AF-AA00-843D013E0156}.Debug|Any CPU.ActiveCfg = Debug|Any CPU
		{AA0F45A4-467B-41AF-AA00-843D013E0156}.Debug|Any CPU.Build.0 = Debug|Any CPU
		{AA0F45A4-467B-41AF-AA00-843D013E0156}.Release|Any CPU.ActiveCfg = Release|Any CPU
		{AA0F45A4-467B-41AF-AA00-843D013E0156}.Release|Any CPU.Build.0 = Release|Any CPU
		{8C9313FD-A37C-45A2-9003-E84747E36188}.Debug|Any CPU.ActiveCfg = Debug|Any CPU
		{8C9313FD-A37C-45A2-9003-E84747E36188}.Debug|Any CPU.Build.0 = Debug|Any CPU
		{8C9313FD-A37C-45A2-9003-E84747E36188}.Release|Any CPU.ActiveCfg = Release|Any CPU
		{8C9313FD-A37C-45A2-9003-E84747E36188}.Release|Any CPU.Build.0 = Release|Any CPU
		{F12A19FD-BCA3-426D-A4DA-7DE75EB9E39E}.Debug|Any CPU.ActiveCfg = Debug|Any CPU
		{F12A19FD-BCA3-426D-A4DA-7DE75EB9E39E}.Debug|Any CPU.Build.0 = Debug|Any CPU
		{F12A19FD-BCA3-426D-A4DA-7DE75EB9E39E}.Release|Any CPU.ActiveCfg = Release|Any CPU
		{F12A19FD-BCA3-426D-A4DA-7DE75EB9E39E}.Release|Any CPU.Build.0 = Release|Any CPU
		{34CB52B4-2CB9-4E44-AF77-9F12C546775F}.Debug|Any CPU.ActiveCfg = Debug|Any CPU
		{34CB52B4-2CB9-4E44-AF77-9F12C546775F}.Debug|Any CPU.Build.0 = Debug|Any CPU
		{34CB52B4-2CB9-4E44-AF77-9F12C546775F}.Release|Any CPU.ActiveCfg = Release|Any CPU
		{34CB52B4-2CB9-4E44-AF77-9F12C546775F}.Release|Any CPU.Build.0 = Release|Any CPU
		{39A20758-BC18-4925-B22C-C16CF8943131}.Debug|Any CPU.ActiveCfg = Debug|Any CPU
		{39A20758-BC18-4925-B22C-C16CF8943131}.Debug|Any CPU.Build.0 = Debug|Any CPU
		{39A20758-BC18-4925-B22C-C16CF8943131}.Release|Any CPU.ActiveCfg = Release|Any CPU
		{39A20758-BC18-4925-B22C-C16CF8943131}.Release|Any CPU.Build.0 = Release|Any CPU
		{FB301202-68DD-4048-8734-C82E6FF42302}.Debug|Any CPU.ActiveCfg = Debug|Any CPU
		{FB301202-68DD-4048-8734-C82E6FF42302}.Debug|Any CPU.Build.0 = Debug|Any CPU
		{FB301202-68DD-4048-8734-C82E6FF42302}.Release|Any CPU.ActiveCfg = Release|Any CPU
		{FB301202-68DD-4048-8734-C82E6FF42302}.Release|Any CPU.Build.0 = Release|Any CPU
		{24D556A8-025D-4031-AB19-B87815750190}.Debug|Any CPU.ActiveCfg = Debug|Any CPU
		{24D556A8-025D-4031-AB19-B87815750190}.Debug|Any CPU.Build.0 = Debug|Any CPU
		{24D556A8-025D-4031-AB19-B87815750190}.Release|Any CPU.ActiveCfg = Release|Any CPU
		{24D556A8-025D-4031-AB19-B87815750190}.Release|Any CPU.Build.0 = Release|Any CPU
		{315B1ACB-A34C-4541-A547-E6701688874A}.Debug|Any CPU.ActiveCfg = Debug|Any CPU
		{315B1ACB-A34C-4541-A547-E6701688874A}.Debug|Any CPU.Build.0 = Debug|Any CPU
		{315B1ACB-A34C-4541-A547-E6701688874A}.Release|Any CPU.ActiveCfg = Release|Any CPU
		{315B1ACB-A34C-4541-A547-E6701688874A}.Release|Any CPU.Build.0 = Release|Any CPU
		{2FD96AE7-74EA-4608-8071-CAFE6948FB6D}.Debug|Any CPU.ActiveCfg = Debug|Any CPU
		{2FD96AE7-74EA-4608-8071-CAFE6948FB6D}.Debug|Any CPU.Build.0 = Debug|Any CPU
		{2FD96AE7-74EA-4608-8071-CAFE6948FB6D}.Release|Any CPU.ActiveCfg = Release|Any CPU
		{2FD96AE7-74EA-4608-8071-CAFE6948FB6D}.Release|Any CPU.Build.0 = Release|Any CPU
		{0A932EF2-830E-4409-AE4F-78A9C110E21F}.Debug|Any CPU.ActiveCfg = Debug|Any CPU
		{0A932EF2-830E-4409-AE4F-78A9C110E21F}.Debug|Any CPU.Build.0 = Debug|Any CPU
		{0A932EF2-830E-4409-AE4F-78A9C110E21F}.Release|Any CPU.ActiveCfg = Release|Any CPU
		{0A932EF2-830E-4409-AE4F-78A9C110E21F}.Release|Any CPU.Build.0 = Release|Any CPU
		{1CD3F532-91A6-454C-BA26-DE49BDE07EA3}.Debug|Any CPU.ActiveCfg = Debug|Any CPU
		{1CD3F532-91A6-454C-BA26-DE49BDE07EA3}.Debug|Any CPU.Build.0 = Debug|Any CPU
		{1CD3F532-91A6-454C-BA26-DE49BDE07EA3}.Release|Any CPU.ActiveCfg = Release|Any CPU
		{1CD3F532-91A6-454C-BA26-DE49BDE07EA3}.Release|Any CPU.Build.0 = Release|Any CPU
		{E24D06CE-8688-4B0E-9EB3-954CB1B48FD1}.Debug|Any CPU.ActiveCfg = Debug|Any CPU
		{E24D06CE-8688-4B0E-9EB3-954CB1B48FD1}.Debug|Any CPU.Build.0 = Debug|Any CPU
		{E24D06CE-8688-4B0E-9EB3-954CB1B48FD1}.Release|Any CPU.ActiveCfg = Release|Any CPU
		{E24D06CE-8688-4B0E-9EB3-954CB1B48FD1}.Release|Any CPU.Build.0 = Release|Any CPU
		{6FB1DF9E-4C52-4D3D-902E-D52F38B834C2}.Debug|Any CPU.ActiveCfg = Debug|Any CPU
		{6FB1DF9E-4C52-4D3D-902E-D52F38B834C2}.Debug|Any CPU.Build.0 = Debug|Any CPU
		{6FB1DF9E-4C52-4D3D-902E-D52F38B834C2}.Release|Any CPU.ActiveCfg = Release|Any CPU
		{6FB1DF9E-4C52-4D3D-902E-D52F38B834C2}.Release|Any CPU.Build.0 = Release|Any CPU
		{D3692488-3D75-42DF-92A3-B46389E2A1C8}.Debug|Any CPU.ActiveCfg = Debug|Any CPU
		{D3692488-3D75-42DF-92A3-B46389E2A1C8}.Debug|Any CPU.Build.0 = Debug|Any CPU
		{D3692488-3D75-42DF-92A3-B46389E2A1C8}.Release|Any CPU.ActiveCfg = Release|Any CPU
		{D3692488-3D75-42DF-92A3-B46389E2A1C8}.Release|Any CPU.Build.0 = Release|Any CPU
		{B2B862DF-4B00-4DCB-A4DB-7BC891AD09B5}.Debug|Any CPU.ActiveCfg = Debug|Any CPU
		{B2B862DF-4B00-4DCB-A4DB-7BC891AD09B5}.Debug|Any CPU.Build.0 = Debug|Any CPU
		{B2B862DF-4B00-4DCB-A4DB-7BC891AD09B5}.Release|Any CPU.ActiveCfg = Release|Any CPU
		{B2B862DF-4B00-4DCB-A4DB-7BC891AD09B5}.Release|Any CPU.Build.0 = Release|Any CPU
		{BB991F15-1E76-47D3-942E-1AE1893B0971}.Debug|Any CPU.ActiveCfg = Debug|Any CPU
		{BB991F15-1E76-47D3-942E-1AE1893B0971}.Debug|Any CPU.Build.0 = Debug|Any CPU
		{BB991F15-1E76-47D3-942E-1AE1893B0971}.Release|Any CPU.ActiveCfg = Release|Any CPU
		{BB991F15-1E76-47D3-942E-1AE1893B0971}.Release|Any CPU.Build.0 = Release|Any CPU
		{5D4E6AB1-98EE-15E3-7A24-48524AE85020}.Debug|Any CPU.ActiveCfg = Debug|Any CPU
		{5D4E6AB1-98EE-15E3-7A24-48524AE85020}.Debug|Any CPU.Build.0 = Debug|Any CPU
		{5D4E6AB1-98EE-15E3-7A24-48524AE85020}.Release|Any CPU.ActiveCfg = Release|Any CPU
		{5D4E6AB1-98EE-15E3-7A24-48524AE85020}.Release|Any CPU.Build.0 = Release|Any CPU
	EndGlobalSection
	GlobalSection(SolutionProperties) = preSolution
		HideSolutionNode = FALSE
	EndGlobalSection
	GlobalSection(ExtensibilityGlobals) = postSolution
		SolutionGuid = {99FF0B17-CBAC-48B0-B29E-B2ADDC59A809}
	EndGlobalSection
EndGlobal
